# This file is automatically @generated by Cargo.
# It is not intended for manual editing.
version = 4

[[package]]
name = "audio-core"
version = "0.1.0"
dependencies = [
 "audio-dsp",
 "control-plane",
 "ipc-layer",
 "sidecar-sdk",
]

[[package]]
name = "audio-dsp"
version = "0.1.0"

[[package]]
name = "control-plane"
version = "0.1.0"

[[package]]
name = "fx-runtime"
version = "0.1.0"
dependencies = [
 "audio-core",
 "audio-dsp",
]

[[package]]
name = "ipc-layer"
version = "0.1.0"
dependencies = [
 "libc",
]

[[package]]
name = "libc"
version = "0.2.186"
source = "registry+https://github.com/rust-lang/crates.io-index"
checksum = "68ab91017fe16c622486840e4c83c9a37afeff978bd239b5293d61ece587de66"

[[package]]
name = "sidecar-sdk"
version = "0.1.0"
dependencies = [
 "audio-core",
 "control-plane",
 "ipc-layer",
]
